
Microsoft Visual Studio Solution File, Format Version 12.00
# Visual Studio Version 16
VisualStudioVersion = 16.0.31613.86
MinimumVisualStudioVersion = 10.0.40219.1
Project("{FAE04EC0-301F-11D3-BF4B-00C04F79EFBC}") = "LabWeek13", "LabWeek13\LabWeek13.csproj", "{DA1B51E0-D004-4D72-9625-6D28F8991381}"
EndProject
Global
	GlobalSection(SolutionConfigurationPlatforms) = preSolution
		Debug|Any CPU = Debug|Any CPU
		Release|Any CPU = Release|Any CPU
	EndGlobalSection
	GlobalSection(ProjectConfigurationPlatforms) = postSolution
		{DA1B51E0-D004-4D72-9625-6D28F8991381}.Debug|Any CPU.ActiveCfg = Debug|Any CPU
		{DA1B51E0-D004-4D72-9625-6D28F8991381}.Debug|Any CPU.Build.0 = Debug|Any CPU
		{DA1B51E0-D004-4D72-9625-6D28F8991381}.Release|Any CPU.ActiveCfg = Release|Any CPU
		{DA1B51E0-D004-4D72-9625-6D28F8991381}.Release|Any CPU.Build.0 = Release|Any CPU
	EndGlobalSection
	GlobalSection(SolutionProperties) = preSolution
		HideSolutionNode = FALSE
	EndGlobalSection
	GlobalSection(ExtensibilityGlobals) = postSolution
		SolutionGuid = {0AE28A32-004C-4AC7-9493-85CD511E0938}
	EndGlobalSection
EndGlobal
